PODS:
  - CrittercismSDK (5.1.3)
  - FMDB (2.5):
    - FMDB/standard (= 2.5)
  - FMDB/common (2.5)
  - FMDB/standard (2.5):
    - FMDB/common
  - InAppSettingsKit (2.4.3)
  - uservoice-iphone-sdk (3.2.3)

DEPENDENCIES:
  - CrittercismSDK (= 5.1.3)
  - FMDB (= 2.5)
  - InAppSettingsKit (= 2.4.3)
  - uservoice-iphone-sdk (= 3.2.3)

SPEC CHECKSUMS:
  CrittercismSDK: 0b1a479b3cd419f437411a08b5c8b8e09106a8cf
  FMDB: 0efa188cf0dd1ce82c27a478cd5f5fa245308677
  InAppSettingsKit: 315e2a196a06921f8f83de01a855ed98dc69851e
  uservoice-iphone-sdk: 02d974352f04d8457ee39b8514d1c58ef0e2c860

COCOAPODS: 0.35.0
