PODS:
  - FMDB (2.4):
    - FMDB/standard (= 2.4)
  - FMDB/common (2.4)
  - FMDB/standard (2.4):
    - FMDB/common
  - InAppSettingsKit (2.3)

DEPENDENCIES:
  - FMDB (~> 2.4)
  - InAppSettingsKit (~> 2.3)

SPEC CHECKSUMS:
  FMDB: 0b2fa25e5264ef177973c0cb8c02c711107979aa
  InAppSettingsKit: 96e3500969b31546b252b039ad6b2b8d82693a1a

COCOAPODS: 0.35.0
